
Microsoft Visual Studio Solution File, Format Version 12.00
# Visual Studio 15
VisualStudioVersion = 15.0.26730.3
MinimumVisualStudioVersion = 10.0.40219.1
Project("{FAE04EC0-301F-11D3-BF4B-00C04F79EFBC}") = "Moxie", "Moxie\Moxie.csproj", "{88A428A2-B66B-47E2-B3E8-BC801212E660}"
EndProject
Project("{FAE04EC0-301F-11D3-BF4B-00C04F79EFBC}") = "Moxie.Server", "MoxieServer\Moxie.Server.csproj", "{8F14A3FC-8B79-4638-AC50-6912A5A575E8}"
EndProject
Project("{FAE04EC0-301F-11D3-BF4B-00C04F79EFBC}") = "Moxie.Common", "Moxie.Common\Moxie.Common.csproj", "{573C16DC-2484-44A5-A4D6-32080A9D522F}"
EndProject
Global
	GlobalSection(SolutionConfigurationPlatforms) = preSolution
		Debug|Any CPU = Debug|Any CPU
		Release|Any CPU = Release|Any CPU
	EndGlobalSection
	GlobalSection(ProjectConfigurationPlatforms) = postSolution
		{88A428A2-B66B-47E2-B3E8-BC801212E660}.Debug|Any CPU.ActiveCfg = Debug|Any CPU
		{88A428A2-B66B-47E2-B3E8-BC801212E660}.Debug|Any CPU.Build.0 = Debug|Any CPU
		{88A428A2-B66B-47E2-B3E8-BC801212E660}.Release|Any CPU.ActiveCfg = Release|Any CPU
		{88A428A2-B66B-47E2-B3E8-BC801212E660}.Release|Any CPU.Build.0 = Release|Any CPU
		{8F14A3FC-8B79-4638-AC50-6912A5A575E8}.Debug|Any CPU.ActiveCfg = Debug|Any CPU
		{8F14A3FC-8B79-4638-AC50-6912A5A575E8}.Debug|Any CPU.Build.0 = Debug|Any CPU
		{8F14A3FC-8B79-4638-AC50-6912A5A575E8}.Release|Any CPU.ActiveCfg = Release|Any CPU
		{8F14A3FC-8B79-4638-AC50-6912A5A575E8}.Release|Any CPU.Build.0 = Release|Any CPU
		{573C16DC-2484-44A5-A4D6-32080A9D522F}.Debug|Any CPU.ActiveCfg = Debug|Any CPU
		{573C16DC-2484-44A5-A4D6-32080A9D522F}.Debug|Any CPU.Build.0 = Debug|Any CPU
		{573C16DC-2484-44A5-A4D6-32080A9D522F}.Release|Any CPU.ActiveCfg = Release|Any CPU
		{573C16DC-2484-44A5-A4D6-32080A9D522F}.Release|Any CPU.Build.0 = Release|Any CPU
	EndGlobalSection
	GlobalSection(SolutionProperties) = preSolution
		HideSolutionNode = FALSE
	EndGlobalSection
	GlobalSection(ExtensibilityGlobals) = postSolution
		SolutionGuid = {D0DCAF58-F065-4B5D-B436-8050341BE230}
	EndGlobalSection
EndGlobal
